
Microsoft Visual Studio Solution File, Format Version 12.00
# Visual Studio Version 16
VisualStudioVersion = 16.0.30114.105
MinimumVisualStudioVersion = 10.0.40219.1
Project("{2150E333-8FDC-42A3-9474-1A3956D46DE8}") = "NutrientService", "NutrientService", "{86073AC8-0EE7-47B4-AE49-E4921A6233C9}"
EndProject
Project("{9A19103F-16F7-4668-BE54-9A1E7A4F7556}") = "NutrientService.BL", "NutrientService\NutrientService.BL\NutrientService.BL.csproj", "{ADC1FC17-5344-49E5-8DD2-2F3320215106}"
EndProject
Project("{9A19103F-16F7-4668-BE54-9A1E7A4F7556}") = "NutrientService.Models", "NutrientService\NutrientService.Models\NutrientService.Models.csproj", "{BE68D1FB-AC96-44C8-A899-0FD7A1023B48}"
EndProject
Project("{9A19103F-16F7-4668-BE54-9A1E7A4F7556}") = "NutrientService.API", "NutrientService\NutrientService.API\NutrientService.API.csproj", "{43379956-2D05-4322-8546-C343B776A2A4}"
EndProject
Project("{9A19103F-16F7-4668-BE54-9A1E7A4F7556}") = "NutrientService.DAL", "NutrientService\NutrientService.DAL\NutrientService.DAL.csproj", "{A0B5281D-E959-405C-AD40-FB1046BD39C2}"
EndProject
Project("{9A19103F-16F7-4668-BE54-9A1E7A4F7556}") = "NutrientService.Test", "NutrientService\NutrientService.Test\NutrientService.Test.csproj", "{5A1F8DBE-2612-4BC5-99B9-8B83D4350F29}"
EndProject
Project("{2150E333-8FDC-42A3-9474-1A3956D46DE8}") = "DiaryService", "DiaryService", "{811BE731-4F8A-4C3A-A022-41EE3DE8F8DD}"
EndProject
Project("{E53339B2-1760-4266-BCC7-CA923CBCF16C}") = "docker-compose", "docker-compose.dcproj", "{5421F4A0-91BD-4A6B-B908-FD045B3D2C3A}"
EndProject
Project("{FAE04EC0-301F-11D3-BF4B-00C04F79EFBC}") = "DiaryService.API", "DiaryService\DiaryService.API\DiaryService.API.csproj", "{D69F10AF-CC65-4CCD-898A-F78392BCDA62}"
EndProject
Project("{FAE04EC0-301F-11D3-BF4B-00C04F79EFBC}") = "DiaryService.DAL", "DiaryService\DiaryService.DAL\DiaryService.DAL.csproj", "{04A15EC7-8355-4A32-8A1D-367A5852C270}"
EndProject
Project("{FAE04EC0-301F-11D3-BF4B-00C04F79EFBC}") = "DiaryService.BL", "DiaryService\DiaryService.BL\DiaryService.BL.csproj", "{4F58AEB8-5146-4B37-977F-D54A1137D4A4}"
EndProject
Project("{FAE04EC0-301F-11D3-BF4B-00C04F79EFBC}") = "DiaryService.Models", "..\DiaryService.Models\DiaryService.Models.csproj", "{2E0CC4AA-2BFD-4F87-9A05-0B3C13E90FC9}"
EndProject
Global
	GlobalSection(SolutionConfigurationPlatforms) = preSolution
		Debug|Any CPU = Debug|Any CPU
		Debug|x64 = Debug|x64
		Debug|x86 = Debug|x86
		Release|Any CPU = Release|Any CPU
		Release|x64 = Release|x64
		Release|x86 = Release|x86
	EndGlobalSection
	GlobalSection(ProjectConfigurationPlatforms) = postSolution
		{ADC1FC17-5344-49E5-8DD2-2F3320215106}.Debug|Any CPU.ActiveCfg = Debug|Any CPU
		{ADC1FC17-5344-49E5-8DD2-2F3320215106}.Debug|Any CPU.Build.0 = Debug|Any CPU
		{ADC1FC17-5344-49E5-8DD2-2F3320215106}.Debug|x64.ActiveCfg = Debug|Any CPU
		{ADC1FC17-5344-49E5-8DD2-2F3320215106}.Debug|x64.Build.0 = Debug|Any CPU
		{ADC1FC17-5344-49E5-8DD2-2F3320215106}.Debug|x86.ActiveCfg = Debug|Any CPU
		{ADC1FC17-5344-49E5-8DD2-2F3320215106}.Debug|x86.Build.0 = Debug|Any CPU
		{ADC1FC17-5344-49E5-8DD2-2F3320215106}.Release|Any CPU.ActiveCfg = Release|Any CPU
		{ADC1FC17-5344-49E5-8DD2-2F3320215106}.Release|Any CPU.Build.0 = Release|Any CPU
		{ADC1FC17-5344-49E5-8DD2-2F3320215106}.Release|x64.ActiveCfg = Release|Any CPU
		{ADC1FC17-5344-49E5-8DD2-2F3320215106}.Release|x64.Build.0 = Release|Any CPU
		{ADC1FC17-5344-49E5-8DD2-2F3320215106}.Release|x86.ActiveCfg = Release|Any CPU
		{ADC1FC17-5344-49E5-8DD2-2F3320215106}.Release|x86.Build.0 = Release|Any CPU
		{BE68D1FB-AC96-44C8-A899-0FD7A1023B48}.Debug|Any CPU.ActiveCfg = Debug|Any CPU
		{BE68D1FB-AC96-44C8-A899-0FD7A1023B48}.Debug|Any CPU.Build.0 = Debug|Any CPU
		{BE68D1FB-AC96-44C8-A899-0FD7A1023B48}.Debug|x64.ActiveCfg = Debug|Any CPU
		{BE68D1FB-AC96-44C8-A899-0FD7A1023B48}.Debug|x64.Build.0 = Debug|Any CPU
		{BE68D1FB-AC96-44C8-A899-0FD7A1023B48}.Debug|x86.ActiveCfg = Debug|Any CPU
		{BE68D1FB-AC96-44C8-A899-0FD7A1023B48}.Debug|x86.Build.0 = Debug|Any CPU
		{BE68D1FB-AC96-44C8-A899-0FD7A1023B48}.Release|Any CPU.ActiveCfg = Release|Any CPU
		{BE68D1FB-AC96-44C8-A899-0FD7A1023B48}.Release|Any CPU.Build.0 = Release|Any CPU
		{BE68D1FB-AC96-44C8-A899-0FD7A1023B48}.Release|x64.ActiveCfg = Release|Any CPU
		{BE68D1FB-AC96-44C8-A899-0FD7A1023B48}.Release|x64.Build.0 = Release|Any CPU
		{BE68D1FB-AC96-44C8-A899-0FD7A1023B48}.Release|x86.ActiveCfg = Release|Any CPU
		{BE68D1FB-AC96-44C8-A899-0FD7A1023B48}.Release|x86.Build.0 = Release|Any CPU
		{43379956-2D05-4322-8546-C343B776A2A4}.Debug|Any CPU.ActiveCfg = Debug|Any CPU
		{43379956-2D05-4322-8546-C343B776A2A4}.Debug|Any CPU.Build.0 = Debug|Any CPU
		{43379956-2D05-4322-8546-C343B776A2A4}.Debug|x64.ActiveCfg = Debug|Any CPU
		{43379956-2D05-4322-8546-C343B776A2A4}.Debug|x64.Build.0 = Debug|Any CPU
		{43379956-2D05-4322-8546-C343B776A2A4}.Debug|x86.ActiveCfg = Debug|Any CPU
		{43379956-2D05-4322-8546-C343B776A2A4}.Debug|x86.Build.0 = Debug|Any CPU
		{43379956-2D05-4322-8546-C343B776A2A4}.Release|Any CPU.ActiveCfg = Release|Any CPU
		{43379956-2D05-4322-8546-C343B776A2A4}.Release|Any CPU.Build.0 = Release|Any CPU
		{43379956-2D05-4322-8546-C343B776A2A4}.Release|x64.ActiveCfg = Release|Any CPU
		{43379956-2D05-4322-8546-C343B776A2A4}.Release|x64.Build.0 = Release|Any CPU
		{43379956-2D05-4322-8546-C343B776A2A4}.Release|x86.ActiveCfg = Release|Any CPU
		{43379956-2D05-4322-8546-C343B776A2A4}.Release|x86.Build.0 = Release|Any CPU
		{A0B5281D-E959-405C-AD40-FB1046BD39C2}.Debug|Any CPU.ActiveCfg = Debug|Any CPU
		{A0B5281D-E959-405C-AD40-FB1046BD39C2}.Debug|Any CPU.Build.0 = Debug|Any CPU
		{A0B5281D-E959-405C-AD40-FB1046BD39C2}.Debug|x64.ActiveCfg = Debug|Any CPU
		{A0B5281D-E959-405C-AD40-FB1046BD39C2}.Debug|x64.Build.0 = Debug|Any CPU
		{A0B5281D-E959-405C-AD40-FB1046BD39C2}.Debug|x86.ActiveCfg = Debug|Any CPU
		{A0B5281D-E959-405C-AD40-FB1046BD39C2}.Debug|x86.Build.0 = Debug|Any CPU
		{A0B5281D-E959-405C-AD40-FB1046BD39C2}.Release|Any CPU.ActiveCfg = Release|Any CPU
		{A0B5281D-E959-405C-AD40-FB1046BD39C2}.Release|Any CPU.Build.0 = Release|Any CPU
		{A0B5281D-E959-405C-AD40-FB1046BD39C2}.Release|x64.ActiveCfg = Release|Any CPU
		{A0B5281D-E959-405C-AD40-FB1046BD39C2}.Release|x64.Build.0 = Release|Any CPU
		{A0B5281D-E959-405C-AD40-FB1046BD39C2}.Release|x86.ActiveCfg = Release|Any CPU
		{A0B5281D-E959-405C-AD40-FB1046BD39C2}.Release|x86.Build.0 = Release|Any CPU
		{5A1F8DBE-2612-4BC5-99B9-8B83D4350F29}.Debug|Any CPU.ActiveCfg = Debug|Any CPU
		{5A1F8DBE-2612-4BC5-99B9-8B83D4350F29}.Debug|Any CPU.Build.0 = Debug|Any CPU
		{5A1F8DBE-2612-4BC5-99B9-8B83D4350F29}.Debug|x64.ActiveCfg = Debug|Any CPU
		{5A1F8DBE-2612-4BC5-99B9-8B83D4350F29}.Debug|x64.Build.0 = Debug|Any CPU
		{5A1F8DBE-2612-4BC5-99B9-8B83D4350F29}.Debug|x86.ActiveCfg = Debug|Any CPU
		{5A1F8DBE-2612-4BC5-99B9-8B83D4350F29}.Debug|x86.Build.0 = Debug|Any CPU
		{5A1F8DBE-2612-4BC5-99B9-8B83D4350F29}.Release|Any CPU.ActiveCfg = Release|Any CPU
		{5A1F8DBE-2612-4BC5-99B9-8B83D4350F29}.Release|Any CPU.Build.0 = Release|Any CPU
		{5A1F8DBE-2612-4BC5-99B9-8B83D4350F29}.Release|x64.ActiveCfg = Release|Any CPU
		{5A1F8DBE-2612-4BC5-99B9-8B83D4350F29}.Release|x64.Build.0 = Release|Any CPU
		{5A1F8DBE-2612-4BC5-99B9-8B83D4350F29}.Release|x86.ActiveCfg = Release|Any CPU
		{5A1F8DBE-2612-4BC5-99B9-8B83D4350F29}.Release|x86.Build.0 = Release|Any CPU
		{5421F4A0-91BD-4A6B-B908-FD045B3D2C3A}.Debug|Any CPU.ActiveCfg = Debug|Any CPU
		{5421F4A0-91BD-4A6B-B908-FD045B3D2C3A}.Debug|Any CPU.Build.0 = Debug|Any CPU
		{5421F4A0-91BD-4A6B-B908-FD045B3D2C3A}.Debug|x64.ActiveCfg = Debug|Any CPU
		{5421F4A0-91BD-4A6B-B908-FD045B3D2C3A}.Debug|x64.Build.0 = Debug|Any CPU
		{5421F4A0-91BD-4A6B-B908-FD045B3D2C3A}.Debug|x86.ActiveCfg = Debug|Any CPU
		{5421F4A0-91BD-4A6B-B908-FD045B3D2C3A}.Debug|x86.Build.0 = Debug|Any CPU
		{5421F4A0-91BD-4A6B-B908-FD045B3D2C3A}.Release|Any CPU.ActiveCfg = Release|Any CPU
		{5421F4A0-91BD-4A6B-B908-FD045B3D2C3A}.Release|Any CPU.Build.0 = Release|Any CPU
		{5421F4A0-91BD-4A6B-B908-FD045B3D2C3A}.Release|x64.ActiveCfg = Release|Any CPU
		{5421F4A0-91BD-4A6B-B908-FD045B3D2C3A}.Release|x64.Build.0 = Release|Any CPU
		{5421F4A0-91BD-4A6B-B908-FD045B3D2C3A}.Release|x86.ActiveCfg = Release|Any CPU
		{5421F4A0-91BD-4A6B-B908-FD045B3D2C3A}.Release|x86.Build.0 = Release|Any CPU
		{D69F10AF-CC65-4CCD-898A-F78392BCDA62}.Debug|Any CPU.ActiveCfg = Debug|Any CPU
		{D69F10AF-CC65-4CCD-898A-F78392BCDA62}.Debug|Any CPU.Build.0 = Debug|Any CPU
		{D69F10AF-CC65-4CCD-898A-F78392BCDA62}.Debug|x64.ActiveCfg = Debug|Any CPU
		{D69F10AF-CC65-4CCD-898A-F78392BCDA62}.Debug|x64.Build.0 = Debug|Any CPU
		{D69F10AF-CC65-4CCD-898A-F78392BCDA62}.Debug|x86.ActiveCfg = Debug|Any CPU
		{D69F10AF-CC65-4CCD-898A-F78392BCDA62}.Debug|x86.Build.0 = Debug|Any CPU
		{D69F10AF-CC65-4CCD-898A-F78392BCDA62}.Release|Any CPU.ActiveCfg = Release|Any CPU
		{D69F10AF-CC65-4CCD-898A-F78392BCDA62}.Release|Any CPU.Build.0 = Release|Any CPU
		{D69F10AF-CC65-4CCD-898A-F78392BCDA62}.Release|x64.ActiveCfg = Release|Any CPU
		{D69F10AF-CC65-4CCD-898A-F78392BCDA62}.Release|x64.Build.0 = Release|Any CPU
		{D69F10AF-CC65-4CCD-898A-F78392BCDA62}.Release|x86.ActiveCfg = Release|Any CPU
		{D69F10AF-CC65-4CCD-898A-F78392BCDA62}.Release|x86.Build.0 = Release|Any CPU
		{04A15EC7-8355-4A32-8A1D-367A5852C270}.Debug|Any CPU.ActiveCfg = Debug|Any CPU
		{04A15EC7-8355-4A32-8A1D-367A5852C270}.Debug|Any CPU.Build.0 = Debug|Any CPU
		{04A15EC7-8355-4A32-8A1D-367A5852C270}.Debug|x64.ActiveCfg = Debug|Any CPU
		{04A15EC7-8355-4A32-8A1D-367A5852C270}.Debug|x64.Build.0 = Debug|Any CPU
		{04A15EC7-8355-4A32-8A1D-367A5852C270}.Debug|x86.ActiveCfg = Debug|Any CPU
		{04A15EC7-8355-4A32-8A1D-367A5852C270}.Debug|x86.Build.0 = Debug|Any CPU
		{04A15EC7-8355-4A32-8A1D-367A5852C270}.Release|Any CPU.ActiveCfg = Release|Any CPU
		{04A15EC7-8355-4A32-8A1D-367A5852C270}.Release|Any CPU.Build.0 = Release|Any CPU
		{04A15EC7-8355-4A32-8A1D-367A5852C270}.Release|x64.ActiveCfg = Release|Any CPU
		{04A15EC7-8355-4A32-8A1D-367A5852C270}.Release|x64.Build.0 = Release|Any CPU
		{04A15EC7-8355-4A32-8A1D-367A5852C270}.Release|x86.ActiveCfg = Release|Any CPU
		{04A15EC7-8355-4A32-8A1D-367A5852C270}.Release|x86.Build.0 = Release|Any CPU
		{4F58AEB8-5146-4B37-977F-D54A1137D4A4}.Debug|Any CPU.ActiveCfg = Debug|Any CPU
		{4F58AEB8-5146-4B37-977F-D54A1137D4A4}.Debug|Any CPU.Build.0 = Debug|Any CPU
		{4F58AEB8-5146-4B37-977F-D54A1137D4A4}.Debug|x64.ActiveCfg = Debug|Any CPU
		{4F58AEB8-5146-4B37-977F-D54A1137D4A4}.Debug|x64.Build.0 = Debug|Any CPU
		{4F58AEB8-5146-4B37-977F-D54A1137D4A4}.Debug|x86.ActiveCfg = Debug|Any CPU
		{4F58AEB8-5146-4B37-977F-D54A1137D4A4}.Debug|x86.Build.0 = Debug|Any CPU
		{4F58AEB8-5146-4B37-977F-D54A1137D4A4}.Release|Any CPU.ActiveCfg = Release|Any CPU
		{4F58AEB8-5146-4B37-977F-D54A1137D4A4}.Release|Any CPU.Build.0 = Release|Any CPU
		{4F58AEB8-5146-4B37-977F-D54A1137D4A4}.Release|x64.ActiveCfg = Release|Any CPU
		{4F58AEB8-5146-4B37-977F-D54A1137D4A4}.Release|x64.Build.0 = Release|Any CPU
		{4F58AEB8-5146-4B37-977F-D54A1137D4A4}.Release|x86.ActiveCfg = Release|Any CPU
		{4F58AEB8-5146-4B37-977F-D54A1137D4A4}.Release|x86.Build.0 = Release|Any CPU
		{2E0CC4AA-2BFD-4F87-9A05-0B3C13E90FC9}.Debug|Any CPU.ActiveCfg = Debug|Any CPU
		{2E0CC4AA-2BFD-4F87-9A05-0B3C13E90FC9}.Debug|Any CPU.Build.0 = Debug|Any CPU
		{2E0CC4AA-2BFD-4F87-9A05-0B3C13E90FC9}.Debug|x64.ActiveCfg = Debug|Any CPU
		{2E0CC4AA-2BFD-4F87-9A05-0B3C13E90FC9}.Debug|x64.Build.0 = Debug|Any CPU
		{2E0CC4AA-2BFD-4F87-9A05-0B3C13E90FC9}.Debug|x86.ActiveCfg = Debug|Any CPU
		{2E0CC4AA-2BFD-4F87-9A05-0B3C13E90FC9}.Debug|x86.Build.0 = Debug|Any CPU
		{2E0CC4AA-2BFD-4F87-9A05-0B3C13E90FC9}.Release|Any CPU.ActiveCfg = Release|Any CPU
		{2E0CC4AA-2BFD-4F87-9A05-0B3C13E90FC9}.Release|Any CPU.Build.0 = Release|Any CPU
		{2E0CC4AA-2BFD-4F87-9A05-0B3C13E90FC9}.Release|x64.ActiveCfg = Release|Any CPU
		{2E0CC4AA-2BFD-4F87-9A05-0B3C13E90FC9}.Release|x64.Build.0 = Release|Any CPU
		{2E0CC4AA-2BFD-4F87-9A05-0B3C13E90FC9}.Release|x86.ActiveCfg = Release|Any CPU
		{2E0CC4AA-2BFD-4F87-9A05-0B3C13E90FC9}.Release|x86.Build.0 = Release|Any CPU
	EndGlobalSection
	GlobalSection(SolutionProperties) = preSolution
		HideSolutionNode = FALSE
	EndGlobalSection
	GlobalSection(NestedProjects) = preSolution
		{ADC1FC17-5344-49E5-8DD2-2F3320215106} = {86073AC8-0EE7-47B4-AE49-E4921A6233C9}
		{BE68D1FB-AC96-44C8-A899-0FD7A1023B48} = {86073AC8-0EE7-47B4-AE49-E4921A6233C9}
		{43379956-2D05-4322-8546-C343B776A2A4} = {86073AC8-0EE7-47B4-AE49-E4921A6233C9}
		{A0B5281D-E959-405C-AD40-FB1046BD39C2} = {86073AC8-0EE7-47B4-AE49-E4921A6233C9}
		{5A1F8DBE-2612-4BC5-99B9-8B83D4350F29} = {86073AC8-0EE7-47B4-AE49-E4921A6233C9}
		{D69F10AF-CC65-4CCD-898A-F78392BCDA62} = {811BE731-4F8A-4C3A-A022-41EE3DE8F8DD}
		{04A15EC7-8355-4A32-8A1D-367A5852C270} = {811BE731-4F8A-4C3A-A022-41EE3DE8F8DD}
		{4F58AEB8-5146-4B37-977F-D54A1137D4A4} = {811BE731-4F8A-4C3A-A022-41EE3DE8F8DD}
		{2E0CC4AA-2BFD-4F87-9A05-0B3C13E90FC9} = {811BE731-4F8A-4C3A-A022-41EE3DE8F8DD}
	EndGlobalSection
	GlobalSection(ExtensibilityGlobals) = postSolution
		SolutionGuid = {A515D311-7ED3-4A66-B815-5B535382B2FC}
	EndGlobalSection
EndGlobal
